<Solution>
  <Folder Name="/src/">
    <Project Path="CleanShop.Application/CleanShop.Application.csproj" Id="4d63ed4a-27be-484e-ae5f-f0bb90ca4faa" />
    <Project Path="CleanShop.Domain/CleanShop.Domain.csproj" Id="eba7ad60-4d9d-4666-89de-1c6a44d8a142" />
    <Project Path="CleanShop.Infrastructure/CleanShop.Infrastructure.csproj" Id="c0d84900-34a6-4f3b-859e-86f0d92a909d" />
    <Project Path="CleanShop.Tests/CleanShop.Tests.csproj" Id="6c40dd4b-7e37-46e7-b163-87b1784f7a45" />
    <Project Path="CleanShop.Transversal/CleanShop.Transversal.csproj" Id="82cab904-3f81-4efc-a040-0d49a97d02be" />
    <Project Path="CleanShop.WebApi/CleanShop.WebApi.csproj" Id="663ac71c-718b-4527-856d-76b18767a2b3" />
  </Folder>
</Solution>
